<?xml version="1.0" encoding="utf-8"?>
<Project ToolsVersion="4.0" xmlns="http://schemas.microsoft.com/developer/msbuild/2003">
  <ItemGroup>
    <Filter Include="Source Files">
      <UniqueIdentifier>{4FC737F1-C7A5-4376-A066-2A32D752A2FF}</UniqueIdentifier>
      <Extensions>cpp;c;cc;cxx;def;odl;idl;hpj;bat;asm;asmx</Extensions>
    </Filter>
    <Filter Include="Header Files">
      <UniqueIdentifier>{93995380-89BD-4b04-88EB-625FBE52EBFB}</UniqueIdentifier>
      <Extensions>h;hpp;hxx;hm;inl;inc;xsd</Extensions>
    </Filter>
    <Filter Include="Resource Files">
      <UniqueIdentifier>{67DA6AB6-F800-4c08-8B7A-83BB121AAD01}</UniqueIdentifier>
      <Extensions>rc;ico;cur;bmp;dlg;rc2;rct;bin;rgs;gif;jpg;jpeg;jpe;resx;tiff;tif;png;wav</Extensions>
    </Filter>
  </ItemGroup>
  <ItemGroup>
    <ClCompile Include="source\cmn\cfftfloat.cpp">
      <Filter>Source Files</Filter>
    </ClCompile>
    <ClCompile Include="source\extern\coda\cmn\coda.cpp">
      <Filter>Source Files</Filter>
    </ClCompile>
    <ClCompile Include="source\extern\coda\cmn\eaxadec16.cpp">
      <Filter>Source Files</Filter>
    </ClCompile>
    <ClCompile Include="source\cmn\encoderhelper.cpp">
      <Filter>Source Files</Filter>
    </ClCompile>
    <ClCompile Include="source\cmn\fileio.cpp">
      <Filter>Source Files</Filter>
    </ClCompile>
    <ClCompile Include="source\cmn\sbnkutil.cpp">
      <Filter>Source Files</Filter>
    </ClCompile>
    <ClCompile Include="source\cmn\scompbrr.cpp">
      <Filter>Source Files</Filter>
    </ClCompile>
    <ClCompile Include="source\cmn\scompmpg.cpp">
      <Filter>Source Files</Filter>
    </ClCompile>
    <ClCompile Include="source\cmn\serr.cpp">
      <Filter>Source Files</Filter>
    </ClCompile>
    <ClCompile Include="source\cmn\sfile.cpp">
      <Filter>Source Files</Filter>
    </ClCompile>
    <ClCompile Include="source\cmn\sfiltapi.cpp">
      <Filter>Source Files</Filter>
    </ClCompile>
    <ClCompile Include="source\extern\coda\cmn\sig24idecs16.cpp">
      <Filter>Source Files</Filter>
    </ClCompile>
    <ClCompile Include="source\cmn\smpeg.cpp">
      <Filter>Source Files</Filter>
    </ClCompile>
    <ClCompile Include="source\cmn\sndplayer.cpp">
      <Filter>Source Files</Filter>
    </ClCompile>
    <ClCompile Include="source\cmn\sresamp.cpp">
      <Filter>Source Files</Filter>
    </ClCompile>
    <ClCompile Include="source\cmn\ssamples.cpp">
      <Filter>Source Files</Filter>
    </ClCompile>
    <ClCompile Include="source\cmn\sstrmsnd.cpp">
      <Filter>Source Files</Filter>
    </ClCompile>
    <ClCompile Include="source\cmn\sstrmutil.cpp">
      <Filter>Source Files</Filter>
    </ClCompile>
    <ClCompile Include="source\cmn\sutil.cpp">
      <Filter>Source Files</Filter>
    </ClCompile>
    <ClCompile Include="source\cmn\swave.cpp">
      <Filter>Source Files</Filter>
    </ClCompile>
  </ItemGroup>
  <ItemGroup>
    <ClInclude Include="source\extern\bitgetter.h">
      <Filter>Header Files</Filter>
    </ClInclude>
    <ClInclude Include="source\cmn\cfftfloat.h">
      <Filter>Header Files</Filter>
    </ClInclude>
    <ClInclude Include="source\extern\coda\include\coda.h">
      <Filter>Header Files</Filter>
    </ClInclude>
    <ClInclude Include="source\cmn\encoderhelper.h">
      <Filter>Header Files</Filter>
    </ClInclude>
    <ClInclude Include="source\cmn\fileio.h">
      <Filter>Header Files</Filter>
    </ClInclude>
    <ClInclude Include="source\extern\coda\extern\ftoi.h">
      <Filter>Header Files</Filter>
    </ClInclude>
    <ClInclude Include="source\cmn\isimex.h">
      <Filter>Header Files</Filter>
    </ClInclude>
    <ClInclude Include="source\cmn\mp3toea.h">
      <Filter>Header Files</Filter>
    </ClInclude>
    <ClInclude Include="source\cmn\putbits.h">
      <Filter>Header Files</Filter>
    </ClInclude>
    <ClInclude Include="source\cmn\sbnkutil.h">
      <Filter>Header Files</Filter>
    </ClInclude>
    <ClInclude Include="include\simex\simex.h">
      <Filter>Header Files</Filter>
    </ClInclude>
    <ClInclude Include="source\cmn\sstrmutil.h">
      <Filter>Header Files</Filter>
    </ClInclude>
  </ItemGroup>
</Project>